
Microsoft Visual Studio Solution File, Format Version 12.00
# Visual Studio Version 16
VisualStudioVersion = 16.0.29613.14
MinimumVisualStudioVersion = 10.0.40219.1
Project("{FAE04EC0-301F-11D3-BF4B-00C04F79EFBC}") = "CIIP.Module", "CIIP.Module\CIIP.Module.csproj", "{5F15837D-D1E5-44DC-92F0-4F2EBE9C3F8D}"
EndProject
Project("{FAE04EC0-301F-11D3-BF4B-00C04F79EFBC}") = "CIIP.Module.Web", "CIIP.Module.Web\CIIP.Module.Web.csproj", "{0C729AAD-7626-4668-A7F1-35F7D240489D}"
EndProject
Project("{FAE04EC0-301F-11D3-BF4B-00C04F79EFBC}") = "CIIP.Web", "CIIP.Web\CIIP.Web.csproj", "{82A6DBC9-B1B4-44E4-9718-55DF930CD349}"
EndProject
Project("{FAE04EC0-301F-11D3-BF4B-00C04F79EFBC}") = "CIIP.Module.Win", "CIIP.Module.Win\CIIP.Module.Win.csproj", "{7964F87D-BC5D-4C4E-8B2F-71E89739AA97}"
EndProject
Project("{FAE04EC0-301F-11D3-BF4B-00C04F79EFBC}") = "CIIP.Win", "CIIP.Win\CIIP.Win.csproj", "{D05D93DF-312D-4D4E-B980-726871EC7833}"
EndProject
Project("{FAE04EC0-301F-11D3-BF4B-00C04F79EFBC}") = "CIIP.CodeFirstView", "CIIP.CodeFirstView\CIIP.CodeFirstView.csproj", "{F4B65FB1-9137-4FFD-9D6B-F7B28B7B7925}"
EndProject
Project("{FAE04EC0-301F-11D3-BF4B-00C04F79EFBC}") = "CIIP.StateMachine", "CIIP.StateMachine\CIIP.StateMachine.csproj", "{AD288C48-D444-4885-A557-38DB6CE8195E}"
EndProject
Project("{FAE04EC0-301F-11D3-BF4B-00C04F79EFBC}") = "CIIP.FormCode", "CIIP.FormCode\CIIP.FormCode.csproj", "{1B520AE2-CFBE-4BA0-B39A-50BB98704CAA}"
EndProject
Project("{FAE04EC0-301F-11D3-BF4B-00C04F79EFBC}") = "CIIP.Common", "CIIP.Common\CIIP.Common.csproj", "{2380464F-5516-4F22-869E-AB916B154DF5}"
EndProject
Project("{2150E333-8FDC-42A3-9474-1A3956D46DE8}") = "Tech", "Tech", "{7A916F4E-A0AD-491B-A91B-79C379F94433}"
EndProject
Project("{FAE04EC0-301F-11D3-BF4B-00C04F79EFBC}") = "CIIP.Dashboard", "CIIP.Dashboard\CIIP.Dashboard.csproj", "{1E9501B3-A97D-4667-A434-F19F0AF6B110}"
EndProject
Project("{FAE04EC0-301F-11D3-BF4B-00C04F79EFBC}") = "CIIP.Icon", "CIIP.Icon\CIIP.Icon.csproj", "{11754553-E0C7-4C0A-9B4C-52249C67DF7C}"
EndProject
Project("{2150E333-8FDC-42A3-9474-1A3956D46DE8}") = "Admiral.ImportData.Core", "Admiral.ImportData.Core", "{63F4DBBD-AEC2-4E49-AF3C-5A1C2FF9D3D9}"
EndProject
Project("{FAE04EC0-301F-11D3-BF4B-00C04F79EFBC}") = "Admiral.ImportData", "..\Admiral.ImportData\Admiral.ImportData\Admiral.ImportData.csproj", "{C05EA8DC-F315-4A0D-A9C7-269C515457FF}"
EndProject
Project("{FAE04EC0-301F-11D3-BF4B-00C04F79EFBC}") = "Admiral.ImportData.Web", "..\Admiral.ImportData\Admiral.ImportData.Web\Admiral.ImportData.Web.csproj", "{A4D76742-6044-4E55-82DF-BDF3EA8129AB}"
EndProject
Project("{FAE04EC0-301F-11D3-BF4B-00C04F79EFBC}") = "Admiral.ImportData.Win", "..\Admiral.ImportData\Admiral.ImportData.Win\Admiral.ImportData.Win.csproj", "{1ECDF975-9640-4F7F-98E2-C73223005655}"
EndProject
Global
	GlobalSection(SolutionConfigurationPlatforms) = preSolution
		Debug|Any CPU = Debug|Any CPU
		EasyTest|Any CPU = EasyTest|Any CPU
		Release|Any CPU = Release|Any CPU
	EndGlobalSection
	GlobalSection(ProjectConfigurationPlatforms) = postSolution
		{5F15837D-D1E5-44DC-92F0-4F2EBE9C3F8D}.Debug|Any CPU.ActiveCfg = Debug|Any CPU
		{5F15837D-D1E5-44DC-92F0-4F2EBE9C3F8D}.Debug|Any CPU.Build.0 = Debug|Any CPU
		{5F15837D-D1E5-44DC-92F0-4F2EBE9C3F8D}.EasyTest|Any CPU.ActiveCfg = EasyTest|Any CPU
		{5F15837D-D1E5-44DC-92F0-4F2EBE9C3F8D}.EasyTest|Any CPU.Build.0 = EasyTest|Any CPU
		{5F15837D-D1E5-44DC-92F0-4F2EBE9C3F8D}.Release|Any CPU.ActiveCfg = Release|Any CPU
		{5F15837D-D1E5-44DC-92F0-4F2EBE9C3F8D}.Release|Any CPU.Build.0 = Release|Any CPU
		{0C729AAD-7626-4668-A7F1-35F7D240489D}.Debug|Any CPU.ActiveCfg = Debug|Any CPU
		{0C729AAD-7626-4668-A7F1-35F7D240489D}.Debug|Any CPU.Build.0 = Debug|Any CPU
		{0C729AAD-7626-4668-A7F1-35F7D240489D}.EasyTest|Any CPU.ActiveCfg = EasyTest|Any CPU
		{0C729AAD-7626-4668-A7F1-35F7D240489D}.EasyTest|Any CPU.Build.0 = EasyTest|Any CPU
		{0C729AAD-7626-4668-A7F1-35F7D240489D}.Release|Any CPU.ActiveCfg = Release|Any CPU
		{0C729AAD-7626-4668-A7F1-35F7D240489D}.Release|Any CPU.Build.0 = Release|Any CPU
		{82A6DBC9-B1B4-44E4-9718-55DF930CD349}.Debug|Any CPU.ActiveCfg = Debug|Any CPU
		{82A6DBC9-B1B4-44E4-9718-55DF930CD349}.Debug|Any CPU.Build.0 = Debug|Any CPU
		{82A6DBC9-B1B4-44E4-9718-55DF930CD349}.EasyTest|Any CPU.ActiveCfg = EasyTest|Any CPU
		{82A6DBC9-B1B4-44E4-9718-55DF930CD349}.EasyTest|Any CPU.Build.0 = EasyTest|Any CPU
		{82A6DBC9-B1B4-44E4-9718-55DF930CD349}.Release|Any CPU.ActiveCfg = Release|Any CPU
		{82A6DBC9-B1B4-44E4-9718-55DF930CD349}.Release|Any CPU.Build.0 = Release|Any CPU
		{7964F87D-BC5D-4C4E-8B2F-71E89739AA97}.Debug|Any CPU.ActiveCfg = Debug|Any CPU
		{7964F87D-BC5D-4C4E-8B2F-71E89739AA97}.Debug|Any CPU.Build.0 = Debug|Any CPU
		{7964F87D-BC5D-4C4E-8B2F-71E89739AA97}.EasyTest|Any CPU.ActiveCfg = EasyTest|Any CPU
		{7964F87D-BC5D-4C4E-8B2F-71E89739AA97}.EasyTest|Any CPU.Build.0 = EasyTest|Any CPU
		{7964F87D-BC5D-4C4E-8B2F-71E89739AA97}.Release|Any CPU.ActiveCfg = Release|Any CPU
		{7964F87D-BC5D-4C4E-8B2F-71E89739AA97}.Release|Any CPU.Build.0 = Release|Any CPU
		{D05D93DF-312D-4D4E-B980-726871EC7833}.Debug|Any CPU.ActiveCfg = Debug|Any CPU
		{D05D93DF-312D-4D4E-B980-726871EC7833}.Debug|Any CPU.Build.0 = Debug|Any CPU
		{D05D93DF-312D-4D4E-B980-726871EC7833}.EasyTest|Any CPU.ActiveCfg = EasyTest|Any CPU
		{D05D93DF-312D-4D4E-B980-726871EC7833}.EasyTest|Any CPU.Build.0 = EasyTest|Any CPU
		{D05D93DF-312D-4D4E-B980-726871EC7833}.Release|Any CPU.ActiveCfg = Release|Any CPU
		{D05D93DF-312D-4D4E-B980-726871EC7833}.Release|Any CPU.Build.0 = Release|Any CPU
		{F4B65FB1-9137-4FFD-9D6B-F7B28B7B7925}.Debug|Any CPU.ActiveCfg = Debug|Any CPU
		{F4B65FB1-9137-4FFD-9D6B-F7B28B7B7925}.Debug|Any CPU.Build.0 = Debug|Any CPU
		{F4B65FB1-9137-4FFD-9D6B-F7B28B7B7925}.EasyTest|Any CPU.ActiveCfg = EasyTest|Any CPU
		{F4B65FB1-9137-4FFD-9D6B-F7B28B7B7925}.EasyTest|Any CPU.Build.0 = EasyTest|Any CPU
		{F4B65FB1-9137-4FFD-9D6B-F7B28B7B7925}.Release|Any CPU.ActiveCfg = Release|Any CPU
		{F4B65FB1-9137-4FFD-9D6B-F7B28B7B7925}.Release|Any CPU.Build.0 = Release|Any CPU
		{AD288C48-D444-4885-A557-38DB6CE8195E}.Debug|Any CPU.ActiveCfg = Debug|Any CPU
		{AD288C48-D444-4885-A557-38DB6CE8195E}.Debug|Any CPU.Build.0 = Debug|Any CPU
		{AD288C48-D444-4885-A557-38DB6CE8195E}.EasyTest|Any CPU.ActiveCfg = EasyTest|Any CPU
		{AD288C48-D444-4885-A557-38DB6CE8195E}.EasyTest|Any CPU.Build.0 = EasyTest|Any CPU
		{AD288C48-D444-4885-A557-38DB6CE8195E}.Release|Any CPU.ActiveCfg = Release|Any CPU
		{AD288C48-D444-4885-A557-38DB6CE8195E}.Release|Any CPU.Build.0 = Release|Any CPU
		{1B520AE2-CFBE-4BA0-B39A-50BB98704CAA}.Debug|Any CPU.ActiveCfg = Debug|Any CPU
		{1B520AE2-CFBE-4BA0-B39A-50BB98704CAA}.Debug|Any CPU.Build.0 = Debug|Any CPU
		{1B520AE2-CFBE-4BA0-B39A-50BB98704CAA}.EasyTest|Any CPU.ActiveCfg = EasyTest|Any CPU
		{1B520AE2-CFBE-4BA0-B39A-50BB98704CAA}.EasyTest|Any CPU.Build.0 = EasyTest|Any CPU
		{1B520AE2-CFBE-4BA0-B39A-50BB98704CAA}.Release|Any CPU.ActiveCfg = Release|Any CPU
		{1B520AE2-CFBE-4BA0-B39A-50BB98704CAA}.Release|Any CPU.Build.0 = Release|Any CPU
		{2380464F-5516-4F22-869E-AB916B154DF5}.Debug|Any CPU.ActiveCfg = Debug|Any CPU
		{2380464F-5516-4F22-869E-AB916B154DF5}.Debug|Any CPU.Build.0 = Debug|Any CPU
		{2380464F-5516-4F22-869E-AB916B154DF5}.EasyTest|Any CPU.ActiveCfg = Release|Any CPU
		{2380464F-5516-4F22-869E-AB916B154DF5}.EasyTest|Any CPU.Build.0 = Release|Any CPU
		{2380464F-5516-4F22-869E-AB916B154DF5}.Release|Any CPU.ActiveCfg = Release|Any CPU
		{2380464F-5516-4F22-869E-AB916B154DF5}.Release|Any CPU.Build.0 = Release|Any CPU
		{1E9501B3-A97D-4667-A434-F19F0AF6B110}.Debug|Any CPU.ActiveCfg = Debug|Any CPU
		{1E9501B3-A97D-4667-A434-F19F0AF6B110}.Debug|Any CPU.Build.0 = Debug|Any CPU
		{1E9501B3-A97D-4667-A434-F19F0AF6B110}.EasyTest|Any CPU.ActiveCfg = EasyTest|Any CPU
		{1E9501B3-A97D-4667-A434-F19F0AF6B110}.EasyTest|Any CPU.Build.0 = EasyTest|Any CPU
		{1E9501B3-A97D-4667-A434-F19F0AF6B110}.Release|Any CPU.ActiveCfg = Release|Any CPU
		{1E9501B3-A97D-4667-A434-F19F0AF6B110}.Release|Any CPU.Build.0 = Release|Any CPU
		{11754553-E0C7-4C0A-9B4C-52249C67DF7C}.Debug|Any CPU.ActiveCfg = Debug|Any CPU
		{11754553-E0C7-4C0A-9B4C-52249C67DF7C}.Debug|Any CPU.Build.0 = Debug|Any CPU
		{11754553-E0C7-4C0A-9B4C-52249C67DF7C}.EasyTest|Any CPU.ActiveCfg = EasyTest|Any CPU
		{11754553-E0C7-4C0A-9B4C-52249C67DF7C}.EasyTest|Any CPU.Build.0 = EasyTest|Any CPU
		{11754553-E0C7-4C0A-9B4C-52249C67DF7C}.Release|Any CPU.ActiveCfg = Release|Any CPU
		{11754553-E0C7-4C0A-9B4C-52249C67DF7C}.Release|Any CPU.Build.0 = Release|Any CPU
		{C05EA8DC-F315-4A0D-A9C7-269C515457FF}.Debug|Any CPU.ActiveCfg = Debug|Any CPU
		{C05EA8DC-F315-4A0D-A9C7-269C515457FF}.Debug|Any CPU.Build.0 = Debug|Any CPU
		{C05EA8DC-F315-4A0D-A9C7-269C515457FF}.EasyTest|Any CPU.ActiveCfg = EasyTest|Any CPU
		{C05EA8DC-F315-4A0D-A9C7-269C515457FF}.EasyTest|Any CPU.Build.0 = EasyTest|Any CPU
		{C05EA8DC-F315-4A0D-A9C7-269C515457FF}.Release|Any CPU.ActiveCfg = Release|Any CPU
		{C05EA8DC-F315-4A0D-A9C7-269C515457FF}.Release|Any CPU.Build.0 = Release|Any CPU
		{A4D76742-6044-4E55-82DF-BDF3EA8129AB}.Debug|Any CPU.ActiveCfg = Debug|Any CPU
		{A4D76742-6044-4E55-82DF-BDF3EA8129AB}.Debug|Any CPU.Build.0 = Debug|Any CPU
		{A4D76742-6044-4E55-82DF-BDF3EA8129AB}.EasyTest|Any CPU.ActiveCfg = EasyTest|Any CPU
		{A4D76742-6044-4E55-82DF-BDF3EA8129AB}.EasyTest|Any CPU.Build.0 = EasyTest|Any CPU
		{A4D76742-6044-4E55-82DF-BDF3EA8129AB}.Release|Any CPU.ActiveCfg = Release|Any CPU
		{A4D76742-6044-4E55-82DF-BDF3EA8129AB}.Release|Any CPU.Build.0 = Release|Any CPU
		{1ECDF975-9640-4F7F-98E2-C73223005655}.Debug|Any CPU.ActiveCfg = Debug|Any CPU
		{1ECDF975-9640-4F7F-98E2-C73223005655}.Debug|Any CPU.Build.0 = Debug|Any CPU
		{1ECDF975-9640-4F7F-98E2-C73223005655}.EasyTest|Any CPU.ActiveCfg = EasyTest|Any CPU
		{1ECDF975-9640-4F7F-98E2-C73223005655}.EasyTest|Any CPU.Build.0 = EasyTest|Any CPU
		{1ECDF975-9640-4F7F-98E2-C73223005655}.Release|Any CPU.ActiveCfg = Release|Any CPU
		{1ECDF975-9640-4F7F-98E2-C73223005655}.Release|Any CPU.Build.0 = Release|Any CPU
	EndGlobalSection
	GlobalSection(SolutionProperties) = preSolution
		HideSolutionNode = FALSE
	EndGlobalSection
	GlobalSection(NestedProjects) = preSolution
		{F4B65FB1-9137-4FFD-9D6B-F7B28B7B7925} = {7A916F4E-A0AD-491B-A91B-79C379F94433}
		{AD288C48-D444-4885-A557-38DB6CE8195E} = {7A916F4E-A0AD-491B-A91B-79C379F94433}
		{1B520AE2-CFBE-4BA0-B39A-50BB98704CAA} = {7A916F4E-A0AD-491B-A91B-79C379F94433}
		{2380464F-5516-4F22-869E-AB916B154DF5} = {7A916F4E-A0AD-491B-A91B-79C379F94433}
		{1E9501B3-A97D-4667-A434-F19F0AF6B110} = {7A916F4E-A0AD-491B-A91B-79C379F94433}
		{11754553-E0C7-4C0A-9B4C-52249C67DF7C} = {7A916F4E-A0AD-491B-A91B-79C379F94433}
		{C05EA8DC-F315-4A0D-A9C7-269C515457FF} = {63F4DBBD-AEC2-4E49-AF3C-5A1C2FF9D3D9}
		{A4D76742-6044-4E55-82DF-BDF3EA8129AB} = {63F4DBBD-AEC2-4E49-AF3C-5A1C2FF9D3D9}
		{1ECDF975-9640-4F7F-98E2-C73223005655} = {63F4DBBD-AEC2-4E49-AF3C-5A1C2FF9D3D9}
	EndGlobalSection
	GlobalSection(ExtensibilityGlobals) = postSolution
		VisualSVNWorkingCopyRoot = .
		SolutionGuid = {7BD32D20-B2D7-4ADE-9BA1-15E88F45DE79}
	EndGlobalSection
EndGlobal
